// !$*UTF8*$!
{
	archiveVersion = 1;
	classes = {
	};
	objectVersion = 46;
	objects = {

/* Begin PBXBuildFile section */
		0F14C38A1CFF0DAB002C6912 /* EventShowControllerCells.swift in Sources */ = {isa = PBXBuildFile; fileRef = 0F14C3891CFF0DAB002C6912 /* EventShowControllerCells.swift */; };
		0F1C22FE1CE728D20052AA17 /* SSRadioButton.swift in Sources */ = {isa = PBXBuildFile; fileRef = 0F1C22FD1CE728D20052AA17 /* SSRadioButton.swift */; };
		0F1C23001CE728E60052AA17 /* SSRadioButtonsController.swift in Sources */ = {isa = PBXBuildFile; fileRef = 0F1C22FF1CE728E60052AA17 /* SSRadioButtonsController.swift */; };
		0F271E0B1CF48F2A0053F39B /* CancelEventBean.swift in Sources */ = {isa = PBXBuildFile; fileRef = 0F271E0A1CF48F2A0053F39B /* CancelEventBean.swift */; };
		0F34E1271D08110000CE660B /* SendMessageResBean.swift in Sources */ = {isa = PBXBuildFile; fileRef = 0F34E1261D08110000CE660B /* SendMessageResBean.swift */; };
		0F500B281CEAFBE0000ED18F /* CreateEventController.swift in Sources */ = {isa = PBXBuildFile; fileRef = 0F500B271CEAFBE0000ED18F /* CreateEventController.swift */; };
		0F500B301CEB4ED1000ED18F /* CreateEventBean.swift in Sources */ = {isa = PBXBuildFile; fileRef = 0F500B2F1CEB4ED1000ED18F /* CreateEventBean.swift */; };
		0F82C96A1D0BEA2C00339D1D /* ObjectMapper.framework in Copy Frameworks */ = {isa = PBXBuildFile; fileRef = 0F82C9581D0BE7F400339D1D /* ObjectMapper.framework */; settings = {ATTRIBUTES = (CodeSignOnCopy, RemoveHeadersOnCopy, ); }; };
		0F8B11FE1D0001330030CE82 /* ClaimListBean.swift in Sources */ = {isa = PBXBuildFile; fileRef = 0F8B11FD1D0001330030CE82 /* ClaimListBean.swift */; };
		0F8B12061D00061B0030CE82 /* ClaimListClaimBean.swift in Sources */ = {isa = PBXBuildFile; fileRef = 0F8B12051D00061B0030CE82 /* ClaimListClaimBean.swift */; };
		0F9E4F191CF31D4A004FC736 /* DelphosEnums.swift in Sources */ = {isa = PBXBuildFile; fileRef = 0F9E4F181CF31D4A004FC736 /* DelphosEnums.swift */; };
		0F9E4F1B1CF32891004FC736 /* RightViewController.swift in Sources */ = {isa = PBXBuildFile; fileRef = 0F9E4F1A1CF32891004FC736 /* RightViewController.swift */; };
		0F9E4F1D1CF32ACB004FC736 /* SlidingMenuController.swift in Sources */ = {isa = PBXBuildFile; fileRef = 0F9E4F1C1CF32ACB004FC736 /* SlidingMenuController.swift */; };
		0F9E4F1F1CF33A9C004FC736 /* UIViewControllerExtension.swift in Sources */ = {isa = PBXBuildFile; fileRef = 0F9E4F1E1CF33A9C004FC736 /* UIViewControllerExtension.swift */; };
		0F9E4F221CF456C6004FC736 /* Main.storyboard in Resources */ = {isa = PBXBuildFile; fileRef = 0F9E4F211CF456C6004FC736 /* Main.storyboard */; };
		0F9E4F241CF47236004FC736 /* NavController.swift in Sources */ = {isa = PBXBuildFile; fileRef = 0F9E4F231CF47236004FC736 /* NavController.swift */; };
		0FB1DF611CEC3C900094EC79 /* EventBean.swift in Sources */ = {isa = PBXBuildFile; fileRef = 0FB1DF601CEC3C900094EC79 /* EventBean.swift */; };
		0FB1DF641CEC5E050094EC79 /* CreateBean.swift in Sources */ = {isa = PBXBuildFile; fileRef = 0FB1DF631CEC5E050094EC79 /* CreateBean.swift */; };
		0FB713D11CF97A5400C0C77F /* SearchEventBean.swift in Sources */ = {isa = PBXBuildFile; fileRef = 0FB713D01CF97A5400C0C77F /* SearchEventBean.swift */; };
		0FC3A6761D07FC33009420DF /* SendMessageBean.swift in Sources */ = {isa = PBXBuildFile; fileRef = 0FC3A6751D07FC33009420DF /* SendMessageBean.swift */; };
		0FD8A7BF1CEF00F200A43790 /* CreateEventResultBean.swift in Sources */ = {isa = PBXBuildFile; fileRef = 0FD8A7BE1CEF00F200A43790 /* CreateEventResultBean.swift */; };
		0FD8A7C71CEF013C00A43790 /* CreateEventResultEvent.swift in Sources */ = {isa = PBXBuildFile; fileRef = 0FD8A7C61CEF013C00A43790 /* CreateEventResultEvent.swift */; };
		0FE947CE1D05C803009402D6 /* MessageController.swift in Sources */ = {isa = PBXBuildFile; fileRef = 0FE947CD1D05C803009402D6 /* MessageController.swift */; };
		0FFEC95D1D0EB1A400E4A1E0 /* UserProfileController.swift in Sources */ = {isa = PBXBuildFile; fileRef = 0FFEC95C1D0EB1A400E4A1E0 /* UserProfileController.swift */; };
		84799FCB1D09527C00C614C2 /* BaseDelegate.swift in Sources */ = {isa = PBXBuildFile; fileRef = 84799FCA1D09527C00C614C2 /* BaseDelegate.swift */; };
		84799FCD1D09528E00C614C2 /* EventDelegate.swift in Sources */ = {isa = PBXBuildFile; fileRef = 84799FCC1D09528E00C614C2 /* EventDelegate.swift */; };
		84799FCF1D09529B00C614C2 /* UserDelegate.swift in Sources */ = {isa = PBXBuildFile; fileRef = 84799FCE1D09529B00C614C2 /* UserDelegate.swift */; };
		84799FD11D09952D00C614C2 /* ClaimsDelegate.swift in Sources */ = {isa = PBXBuildFile; fileRef = 84799FD01D09952D00C614C2 /* ClaimsDelegate.swift */; };
		84799FD31D09961500C614C2 /* SearchDelegate.swift in Sources */ = {isa = PBXBuildFile; fileRef = 84799FD21D09961500C614C2 /* SearchDelegate.swift */; };
		84BA187E1D03552A009DC8C9 /* DelphosGlobals.swift in Sources */ = {isa = PBXBuildFile; fileRef = 84BA187D1D03552A009DC8C9 /* DelphosGlobals.swift */; };
		F57260411CEC2F18007078C3 /* ClaimBean.swift in Sources */ = {isa = PBXBuildFile; fileRef = F57260401CEC2F18007078C3 /* ClaimBean.swift */; };
		F578B5761CE1F2EC0063246A /* RegisterBean.swift in Sources */ = {isa = PBXBuildFile; fileRef = F578B5751CE1F2EC0063246A /* RegisterBean.swift */; };
		F580614F1CE4668E004BF043 /* ShowEventBean.swift in Sources */ = {isa = PBXBuildFile; fileRef = F580614E1CE4668E004BF043 /* ShowEventBean.swift */; };
		F58061571CE46941004BF043 /* EventShowController.swift in Sources */ = {isa = PBXBuildFile; fileRef = F58061561CE46941004BF043 /* EventShowController.swift */; };
		F580616A1CE5E2B9004BF043 /* SearchController.swift in Sources */ = {isa = PBXBuildFile; fileRef = F58061691CE5E2B9004BF043 /* SearchController.swift */; };
		F580616C1CE5E73F004BF043 /* SearchControllerCell.swift in Sources */ = {isa = PBXBuildFile; fileRef = F580616B1CE5E73F004BF043 /* SearchControllerCell.swift */; };
		F58061731CE5F93C004BF043 /* userListBean.swift in Sources */ = {isa = PBXBuildFile; fileRef = F58061721CE5F93C004BF043 /* userListBean.swift */; };
		F58061751CE5F9CF004BF043 /* usersBean.swift in Sources */ = {isa = PBXBuildFile; fileRef = F58061741CE5F9CF004BF043 /* usersBean.swift */; };
		F58BBACD1CE05B24000A3D2A /* LoginBean.swift in Sources */ = {isa = PBXBuildFile; fileRef = F58BBACC1CE05B24000A3D2A /* LoginBean.swift */; };
		F58BBAD51CE05B64000A3D2A /* CredentialsBean.swift in Sources */ = {isa = PBXBuildFile; fileRef = F58BBAD41CE05B64000A3D2A /* CredentialsBean.swift */; };
		F58BBAD71CE06280000A3D2A /* UserBean.swift in Sources */ = {isa = PBXBuildFile; fileRef = F58BBAD61CE06280000A3D2A /* UserBean.swift */; };
		F58BBADA1CE07444000A3D2A /* HomeController.swift in Sources */ = {isa = PBXBuildFile; fileRef = F58BBAD91CE07444000A3D2A /* HomeController.swift */; };
		F58F698D1CEAF2DB00C4ED91 /* searchUserListBean.swift in Sources */ = {isa = PBXBuildFile; fileRef = F58F698C1CEAF2DB00C4ED91 /* searchUserListBean.swift */; };
		F58F69951CEAF41C00C4ED91 /* BadgesBean.swift in Sources */ = {isa = PBXBuildFile; fileRef = F58F69941CEAF41C00C4ED91 /* BadgesBean.swift */; };
		F599843C1CDC9D400055C8D3 /* DelphosStrings.swift in Sources */ = {isa = PBXBuildFile; fileRef = F599843B1CDC9D400055C8D3 /* DelphosStrings.swift */; };
		F599843E1CDC9F120055C8D3 /* SchoolBusiness.swift in Sources */ = {isa = PBXBuildFile; fileRef = F599843D1CDC9F120055C8D3 /* SchoolBusiness.swift */; };
		F59984401CDCC3360055C8D3 /* RegisterController.swift in Sources */ = {isa = PBXBuildFile; fileRef = F599843F1CDCC3360055C8D3 /* RegisterController.swift */; };
		F59984431CDCCDC40055C8D3 /* FacadeDelphos.swift in Sources */ = {isa = PBXBuildFile; fileRef = F59984421CDCCDC40055C8D3 /* FacadeDelphos.swift */; };
		F59984451CDCCDDF0055C8D3 /* DelegateController.swift in Sources */ = {isa = PBXBuildFile; fileRef = F59984441CDCCDDF0055C8D3 /* DelegateController.swift */; };
		F5A2EE7A1CDC6CD800419419 /* AppDelegate.swift in Sources */ = {isa = PBXBuildFile; fileRef = F5A2EE791CDC6CD800419419 /* AppDelegate.swift */; };
		F5A2EE7C1CDC6CD800419419 /* LoginController.swift in Sources */ = {isa = PBXBuildFile; fileRef = F5A2EE7B1CDC6CD800419419 /* LoginController.swift */; };
		F5A2EE811CDC6CD800419419 /* Assets.xcassets in Resources */ = {isa = PBXBuildFile; fileRef = F5A2EE801CDC6CD800419419 /* Assets.xcassets */; };
		F5A2EE841CDC6CD800419419 /* LaunchScreen.storyboard in Resources */ = {isa = PBXBuildFile; fileRef = F5A2EE821CDC6CD800419419 /* LaunchScreen.storyboard */; };
		F5A2EE8F1CDC6CD800419419 /* DelphosTests.swift in Sources */ = {isa = PBXBuildFile; fileRef = F5A2EE8E1CDC6CD800419419 /* DelphosTests.swift */; };
		F5A2EE9A1CDC6CD800419419 /* DelphosUITests.swift in Sources */ = {isa = PBXBuildFile; fileRef = F5A2EE991CDC6CD800419419 /* DelphosUITests.swift */; };
		F5AFC04B1CE0A1A700C95687 /* EventDisplayBean.swift in Sources */ = {isa = PBXBuildFile; fileRef = F5AFC04A1CE0A1A700C95687 /* EventDisplayBean.swift */; };
		F5AFC0551CE0B56D00C95687 /* EventDsiplayCell.swift in Sources */ = {isa = PBXBuildFile; fileRef = F5AFC0541CE0B56D00C95687 /* EventDsiplayCell.swift */; };
		F5AFC0561CE0BB6300C95687 /* EventDisplayBean.swift in Sources */ = {isa = PBXBuildFile; fileRef = F5AFC04A1CE0A1A700C95687 /* EventDisplayBean.swift */; };
		F5AFC0581CE0BD0E00C95687 /* HomeController.swift in Sources */ = {isa = PBXBuildFile; fileRef = F58BBAD91CE07444000A3D2A /* HomeController.swift */; };
		F5C598EB1CDDBFB2000C3F58 /* DelphosAction.swift in Sources */ = {isa = PBXBuildFile; fileRef = F5C598EA1CDDBFB2000C3F58 /* DelphosAction.swift */; };
		F5C598EE1CDDE674000C3F58 /* DAOServices.swift in Sources */ = {isa = PBXBuildFile; fileRef = F5C598ED1CDDE674000C3F58 /* DAOServices.swift */; };
		F5C598F01CDDE6AD000C3F58 /* DAOBase.swift in Sources */ = {isa = PBXBuildFile; fileRef = F5C598EF1CDDE6AD000C3F58 /* DAOBase.swift */; };
		F5C598F41CDDE78C000C3F58 /* DAOErrorCodes.swift in Sources */ = {isa = PBXBuildFile; fileRef = F5C598F31CDDE78C000C3F58 /* DAOErrorCodes.swift */; };
		F5C598F71CDDF80F000C3F58 /* ErrorBean.swift in Sources */ = {isa = PBXBuildFile; fileRef = F5C598F61CDDF80F000C3F58 /* ErrorBean.swift */; };
		F5E06FD91CED9BAB00E3D83B /* ClaimEventBean.swift in Sources */ = {isa = PBXBuildFile; fileRef = F5E06FD81CED9BAB00E3D83B /* ClaimEventBean.swift */; };
/* End PBXBuildFile section */

/* Begin PBXContainerItemProxy section */
		0F82C9571D0BE7F400339D1D /* PBXContainerItemProxy */ = {
			isa = PBXContainerItemProxy;
			containerPortal = 0F82C94D1D0BE7F400339D1D /* ObjectMapper.xcodeproj */;
			proxyType = 2;
			remoteGlobalIDString = 6AAC8F7619F03C2900E7A677;
			remoteInfo = "ObjectMapper-iOS";
		};
		0F82C9591D0BE7F400339D1D /* PBXContainerItemProxy */ = {
			isa = PBXContainerItemProxy;
			containerPortal = 0F82C94D1D0BE7F400339D1D /* ObjectMapper.xcodeproj */;
			proxyType = 2;
			remoteGlobalIDString = CD1602FF1AC023D5000CD69A;
			remoteInfo = "ObjectMapper-Mac";
		};
		0F82C95B1D0BE7F400339D1D /* PBXContainerItemProxy */ = {
			isa = PBXContainerItemProxy;
			containerPortal = 0F82C94D1D0BE7F400339D1D /* ObjectMapper.xcodeproj */;
			proxyType = 2;
			remoteGlobalIDString = 6A2AD03D1B2C78540097E150;
			remoteInfo = "ObjectMapper-watchOS";
		};
		0F82C95D1D0BE7F400339D1D /* PBXContainerItemProxy */ = {
			isa = PBXContainerItemProxy;
			containerPortal = 0F82C94D1D0BE7F400339D1D /* ObjectMapper.xcodeproj */;
			proxyType = 2;
			remoteGlobalIDString = 6A05B7A61BE274BE00F19B53;
			remoteInfo = "ObjectMapper-tvOS";
		};
		0F82C95F1D0BE7F400339D1D /* PBXContainerItemProxy */ = {
			isa = PBXContainerItemProxy;
			containerPortal = 0F82C94D1D0BE7F400339D1D /* ObjectMapper.xcodeproj */;
			proxyType = 2;
			remoteGlobalIDString = 6AAC8F8119F03C2900E7A677;
			remoteInfo = "ObjectMapper-iOSTests";
		};
		0F82C9611D0BE7F400339D1D /* PBXContainerItemProxy */ = {
			isa = PBXContainerItemProxy;
			containerPortal = 0F82C94D1D0BE7F400339D1D /* ObjectMapper.xcodeproj */;
			proxyType = 2;
			remoteGlobalIDString = CD1603091AC023D6000CD69A;
			remoteInfo = "ObjectMapper-MacTests";
		};
		0F82C9631D0BE7F400339D1D /* PBXContainerItemProxy */ = {
			isa = PBXContainerItemProxy;
			containerPortal = 0F82C94D1D0BE7F400339D1D /* ObjectMapper.xcodeproj */;
			proxyType = 2;
			remoteGlobalIDString = 6A05B7AF1BE274BE00F19B53;
			remoteInfo = "ObjectMapper-tvOSTests";
		};
		0F82C9671D0BE9F600339D1D /* PBXContainerItemProxy */ = {
			isa = PBXContainerItemProxy;
			containerPortal = 0F82C94D1D0BE7F400339D1D /* ObjectMapper.xcodeproj */;
			proxyType = 1;
			remoteGlobalIDString = 6AAC8F7519F03C2900E7A677;
			remoteInfo = "ObjectMapper-iOS";
		};
		F5A2EE8B1CDC6CD800419419 /* PBXContainerItemProxy */ = {
			isa = PBXContainerItemProxy;
			containerPortal = F5A2EE6E1CDC6CD800419419 /* Project object */;
			proxyType = 1;
			remoteGlobalIDString = F5A2EE751CDC6CD800419419;
			remoteInfo = Delphos;
		};
		F5A2EE961CDC6CD800419419 /* PBXContainerItemProxy */ = {
			isa = PBXContainerItemProxy;
			containerPortal = F5A2EE6E1CDC6CD800419419 /* Project object */;
			proxyType = 1;
			remoteGlobalIDString = F5A2EE751CDC6CD800419419;
			remoteInfo = Delphos;
		};
/* End PBXContainerItemProxy section */

/* Begin PBXCopyFilesBuildPhase section */
		0F82C9691D0BEA0D00339D1D /* CopyFiles */ = {
			isa = PBXCopyFilesBuildPhase;
			buildActionMask = 2147483647;
			dstPath = "";
			dstSubfolderSpec = 7;
			files = (
			);
			runOnlyForDeploymentPostprocessing = 0;
		};
		F59984641CDCE44F0055C8D3 /* Copy Frameworks */ = {
			isa = PBXCopyFilesBuildPhase;
			buildActionMask = 2147483647;
			dstPath = "";
			dstSubfolderSpec = 10;
			files = (
				0F82C96A1D0BEA2C00339D1D /* ObjectMapper.framework in Copy Frameworks */,
			);
			name = "Copy Frameworks";
			runOnlyForDeploymentPostprocessing = 0;
		};
/* End PBXCopyFilesBuildPhase section */

/* Begin PBXFileReference section */
		0F14C3891CFF0DAB002C6912 /* EventShowControllerCells.swift */ = {isa = PBXFileReference; fileEncoding = 4; lastKnownFileType = sourcecode.swift; path = EventShowControllerCells.swift; sourceTree = "<group>"; };
		0F1C22FD1CE728D20052AA17 /* SSRadioButton.swift */ = {isa = PBXFileReference; lastKnownFileType = sourcecode.swift; name = SSRadioButton.swift; path = SSRadioButtonController/SSRadioButton.swift; sourceTree = "<group>"; };
		0F1C22FF1CE728E60052AA17 /* SSRadioButtonsController.swift */ = {isa = PBXFileReference; lastKnownFileType = sourcecode.swift; name = SSRadioButtonsController.swift; path = SSRadioButtonController/SSRadioButtonsController.swift; sourceTree = "<group>"; };
		0F271E0A1CF48F2A0053F39B /* CancelEventBean.swift */ = {isa = PBXFileReference; fileEncoding = 4; lastKnownFileType = sourcecode.swift; path = CancelEventBean.swift; sourceTree = "<group>"; };
		0F34E1261D08110000CE660B /* SendMessageResBean.swift */ = {isa = PBXFileReference; fileEncoding = 4; lastKnownFileType = sourcecode.swift; path = SendMessageResBean.swift; sourceTree = "<group>"; };
		0F500B271CEAFBE0000ED18F /* CreateEventController.swift */ = {isa = PBXFileReference; fileEncoding = 4; lastKnownFileType = sourcecode.swift; path = CreateEventController.swift; sourceTree = "<group>"; };
		0F500B2F1CEB4ED1000ED18F /* CreateEventBean.swift */ = {isa = PBXFileReference; fileEncoding = 4; lastKnownFileType = sourcecode.swift; path = CreateEventBean.swift; sourceTree = "<group>"; };
		0F82C94D1D0BE7F400339D1D /* ObjectMapper.xcodeproj */ = {isa = PBXFileReference; lastKnownFileType = "wrapper.pb-project"; name = ObjectMapper.xcodeproj; path = ObjectMapper/ObjectMapper.xcodeproj; sourceTree = "<group>"; };
		0F8B11FD1D0001330030CE82 /* ClaimListBean.swift */ = {isa = PBXFileReference; fileEncoding = 4; lastKnownFileType = sourcecode.swift; path = ClaimListBean.swift; sourceTree = "<group>"; };
		0F8B12051D00061B0030CE82 /* ClaimListClaimBean.swift */ = {isa = PBXFileReference; fileEncoding = 4; lastKnownFileType = sourcecode.swift; path = ClaimListClaimBean.swift; sourceTree = "<group>"; };
		0F9E4F181CF31D4A004FC736 /* DelphosEnums.swift */ = {isa = PBXFileReference; fileEncoding = 4; lastKnownFileType = sourcecode.swift; path = DelphosEnums.swift; sourceTree = "<group>"; };
		0F9E4F1A1CF32891004FC736 /* RightViewController.swift */ = {isa = PBXFileReference; fileEncoding = 4; lastKnownFileType = sourcecode.swift; path = RightViewController.swift; sourceTree = "<group>"; };
		0F9E4F1C1CF32ACB004FC736 /* SlidingMenuController.swift */ = {isa = PBXFileReference; fileEncoding = 4; lastKnownFileType = sourcecode.swift; path = SlidingMenuController.swift; sourceTree = "<group>"; };
		0F9E4F1E1CF33A9C004FC736 /* UIViewControllerExtension.swift */ = {isa = PBXFileReference; fileEncoding = 4; lastKnownFileType = sourcecode.swift; path = UIViewControllerExtension.swift; sourceTree = "<group>"; };
		0F9E4F211CF456C6004FC736 /* Main.storyboard */ = {isa = PBXFileReference; fileEncoding = 4; lastKnownFileType = file.storyboard; path = Main.storyboard; sourceTree = "<group>"; };
		0F9E4F231CF47236004FC736 /* NavController.swift */ = {isa = PBXFileReference; fileEncoding = 4; lastKnownFileType = sourcecode.swift; path = NavController.swift; sourceTree = "<group>"; };
		0FB1DF601CEC3C900094EC79 /* EventBean.swift */ = {isa = PBXFileReference; fileEncoding = 4; lastKnownFileType = sourcecode.swift; path = EventBean.swift; sourceTree = "<group>"; };
		0FB1DF631CEC5E050094EC79 /* CreateBean.swift */ = {isa = PBXFileReference; fileEncoding = 4; lastKnownFileType = sourcecode.swift; path = CreateBean.swift; sourceTree = "<group>"; };
		0FB713D01CF97A5400C0C77F /* SearchEventBean.swift */ = {isa = PBXFileReference; fileEncoding = 4; lastKnownFileType = sourcecode.swift; path = SearchEventBean.swift; sourceTree = "<group>"; };
		0FC3A6751D07FC33009420DF /* SendMessageBean.swift */ = {isa = PBXFileReference; fileEncoding = 4; lastKnownFileType = sourcecode.swift; path = SendMessageBean.swift; sourceTree = "<group>"; };
		0FD8A7BE1CEF00F200A43790 /* CreateEventResultBean.swift */ = {isa = PBXFileReference; fileEncoding = 4; lastKnownFileType = sourcecode.swift; path = CreateEventResultBean.swift; sourceTree = "<group>"; };
		0FD8A7C61CEF013C00A43790 /* CreateEventResultEvent.swift */ = {isa = PBXFileReference; fileEncoding = 4; lastKnownFileType = sourcecode.swift; path = CreateEventResultEvent.swift; sourceTree = "<group>"; };
		0FE947CD1D05C803009402D6 /* MessageController.swift */ = {isa = PBXFileReference; fileEncoding = 4; lastKnownFileType = sourcecode.swift; path = MessageController.swift; sourceTree = "<group>"; };
		0FFEC95C1D0EB1A400E4A1E0 /* UserProfileController.swift */ = {isa = PBXFileReference; fileEncoding = 4; lastKnownFileType = sourcecode.swift; path = UserProfileController.swift; sourceTree = "<group>"; };
		84799FCA1D09527C00C614C2 /* BaseDelegate.swift */ = {isa = PBXFileReference; fileEncoding = 4; lastKnownFileType = sourcecode.swift; path = BaseDelegate.swift; sourceTree = "<group>"; };
		84799FCC1D09528E00C614C2 /* EventDelegate.swift */ = {isa = PBXFileReference; fileEncoding = 4; lastKnownFileType = sourcecode.swift; path = EventDelegate.swift; sourceTree = "<group>"; };
		84799FCE1D09529B00C614C2 /* UserDelegate.swift */ = {isa = PBXFileReference; fileEncoding = 4; lastKnownFileType = sourcecode.swift; path = UserDelegate.swift; sourceTree = "<group>"; };
		84799FD01D09952D00C614C2 /* ClaimsDelegate.swift */ = {isa = PBXFileReference; fileEncoding = 4; lastKnownFileType = sourcecode.swift; path = ClaimsDelegate.swift; sourceTree = "<group>"; };
		84799FD21D09961500C614C2 /* SearchDelegate.swift */ = {isa = PBXFileReference; fileEncoding = 4; lastKnownFileType = sourcecode.swift; path = SearchDelegate.swift; sourceTree = "<group>"; };
		84BA187D1D03552A009DC8C9 /* DelphosGlobals.swift */ = {isa = PBXFileReference; fileEncoding = 4; lastKnownFileType = sourcecode.swift; path = DelphosGlobals.swift; sourceTree = "<group>"; };
		F57260401CEC2F18007078C3 /* ClaimBean.swift */ = {isa = PBXFileReference; fileEncoding = 4; lastKnownFileType = sourcecode.swift; path = ClaimBean.swift; sourceTree = "<group>"; };
		F578B5751CE1F2EC0063246A /* RegisterBean.swift */ = {isa = PBXFileReference; fileEncoding = 4; lastKnownFileType = sourcecode.swift; path = RegisterBean.swift; sourceTree = "<group>"; };
		F580614E1CE4668E004BF043 /* ShowEventBean.swift */ = {isa = PBXFileReference; fileEncoding = 4; lastKnownFileType = sourcecode.swift; path = ShowEventBean.swift; sourceTree = "<group>"; };
		F58061561CE46941004BF043 /* EventShowController.swift */ = {isa = PBXFileReference; fileEncoding = 4; lastKnownFileType = sourcecode.swift; path = EventShowController.swift; sourceTree = "<group>"; };
		F58061691CE5E2B9004BF043 /* SearchController.swift */ = {isa = PBXFileReference; fileEncoding = 4; lastKnownFileType = sourcecode.swift; path = SearchController.swift; sourceTree = "<group>"; };
		F580616B1CE5E73F004BF043 /* SearchControllerCell.swift */ = {isa = PBXFileReference; fileEncoding = 4; lastKnownFileType = sourcecode.swift; path = SearchControllerCell.swift; sourceTree = "<group>"; };
		F58061721CE5F93C004BF043 /* userListBean.swift */ = {isa = PBXFileReference; fileEncoding = 4; lastKnownFileType = sourcecode.swift; path = userListBean.swift; sourceTree = "<group>"; };
		F58061741CE5F9CF004BF043 /* usersBean.swift */ = {isa = PBXFileReference; fileEncoding = 4; lastKnownFileType = sourcecode.swift; path = usersBean.swift; sourceTree = "<group>"; };
		F58BBACC1CE05B24000A3D2A /* LoginBean.swift */ = {isa = PBXFileReference; fileEncoding = 4; lastKnownFileType = sourcecode.swift; path = LoginBean.swift; sourceTree = "<group>"; };
		F58BBAD41CE05B64000A3D2A /* CredentialsBean.swift */ = {isa = PBXFileReference; fileEncoding = 4; lastKnownFileType = sourcecode.swift; path = CredentialsBean.swift; sourceTree = "<group>"; };
		F58BBAD61CE06280000A3D2A /* UserBean.swift */ = {isa = PBXFileReference; fileEncoding = 4; lastKnownFileType = sourcecode.swift; path = UserBean.swift; sourceTree = "<group>"; };
		F58BBAD91CE07444000A3D2A /* HomeController.swift */ = {isa = PBXFileReference; fileEncoding = 4; lastKnownFileType = sourcecode.swift; path = HomeController.swift; sourceTree = "<group>"; };
		F58F698C1CEAF2DB00C4ED91 /* searchUserListBean.swift */ = {isa = PBXFileReference; fileEncoding = 4; lastKnownFileType = sourcecode.swift; path = searchUserListBean.swift; sourceTree = "<group>"; };
		F58F69941CEAF41C00C4ED91 /* BadgesBean.swift */ = {isa = PBXFileReference; fileEncoding = 4; lastKnownFileType = sourcecode.swift; path = BadgesBean.swift; sourceTree = "<group>"; };
		F599843B1CDC9D400055C8D3 /* DelphosStrings.swift */ = {isa = PBXFileReference; fileEncoding = 4; lastKnownFileType = sourcecode.swift; path = DelphosStrings.swift; sourceTree = "<group>"; };
		F599843D1CDC9F120055C8D3 /* SchoolBusiness.swift */ = {isa = PBXFileReference; fileEncoding = 4; lastKnownFileType = sourcecode.swift; path = SchoolBusiness.swift; sourceTree = "<group>"; };
		F599843F1CDCC3360055C8D3 /* RegisterController.swift */ = {isa = PBXFileReference; fileEncoding = 4; lastKnownFileType = sourcecode.swift; path = RegisterController.swift; sourceTree = "<group>"; };
		F59984421CDCCDC40055C8D3 /* FacadeDelphos.swift */ = {isa = PBXFileReference; fileEncoding = 4; lastKnownFileType = sourcecode.swift; path = FacadeDelphos.swift; sourceTree = "<group>"; };
		F59984441CDCCDDF0055C8D3 /* DelegateController.swift */ = {isa = PBXFileReference; fileEncoding = 4; lastKnownFileType = sourcecode.swift; path = DelegateController.swift; sourceTree = "<group>"; };
		F5A2EE761CDC6CD800419419 /* Delphos.app */ = {isa = PBXFileReference; explicitFileType = wrapper.application; includeInIndex = 0; path = Delphos.app; sourceTree = BUILT_PRODUCTS_DIR; };
		F5A2EE791CDC6CD800419419 /* AppDelegate.swift */ = {isa = PBXFileReference; lastKnownFileType = sourcecode.swift; path = AppDelegate.swift; sourceTree = "<group>"; };
		F5A2EE7B1CDC6CD800419419 /* LoginController.swift */ = {isa = PBXFileReference; lastKnownFileType = sourcecode.swift; path = LoginController.swift; sourceTree = "<group>"; };
		F5A2EE801CDC6CD800419419 /* Assets.xcassets */ = {isa = PBXFileReference; lastKnownFileType = folder.assetcatalog; path = Assets.xcassets; sourceTree = "<group>"; };
		F5A2EE831CDC6CD800419419 /* Base */ = {isa = PBXFileReference; lastKnownFileType = file.storyboard; name = Base; path = Base.lproj/LaunchScreen.storyboard; sourceTree = "<group>"; };
		F5A2EE851CDC6CD800419419 /* Info.plist */ = {isa = PBXFileReference; lastKnownFileType = text.plist.xml; path = Info.plist; sourceTree = "<group>"; };
		F5A2EE8A1CDC6CD800419419 /* DelphosTests.xctest */ = {isa = PBXFileReference; explicitFileType = wrapper.cfbundle; includeInIndex = 0; path = DelphosTests.xctest; sourceTree = BUILT_PRODUCTS_DIR; };
		F5A2EE8E1CDC6CD800419419 /* DelphosTests.swift */ = {isa = PBXFileReference; lastKnownFileType = sourcecode.swift; path = DelphosTests.swift; sourceTree = "<group>"; };
		F5A2EE901CDC6CD800419419 /* Info.plist */ = {isa = PBXFileReference; lastKnownFileType = text.plist.xml; path = Info.plist; sourceTree = "<group>"; };
		F5A2EE951CDC6CD800419419 /* DelphosUITests.xctest */ = {isa = PBXFileReference; explicitFileType = wrapper.cfbundle; includeInIndex = 0; path = DelphosUITests.xctest; sourceTree = BUILT_PRODUCTS_DIR; };
		F5A2EE991CDC6CD800419419 /* DelphosUITests.swift */ = {isa = PBXFileReference; lastKnownFileType = sourcecode.swift; path = DelphosUITests.swift; sourceTree = "<group>"; };
		F5A2EE9B1CDC6CD800419419 /* Info.plist */ = {isa = PBXFileReference; lastKnownFileType = text.plist.xml; path = Info.plist; sourceTree = "<group>"; };
		F5AFC04A1CE0A1A700C95687 /* EventDisplayBean.swift */ = {isa = PBXFileReference; fileEncoding = 4; lastKnownFileType = sourcecode.swift; path = EventDisplayBean.swift; sourceTree = "<group>"; };
		F5AFC0541CE0B56D00C95687 /* EventDsiplayCell.swift */ = {isa = PBXFileReference; fileEncoding = 4; lastKnownFileType = sourcecode.swift; path = EventDsiplayCell.swift; sourceTree = "<group>"; };
		F5C598EA1CDDBFB2000C3F58 /* DelphosAction.swift */ = {isa = PBXFileReference; fileEncoding = 4; lastKnownFileType = sourcecode.swift; path = DelphosAction.swift; sourceTree = "<group>"; };
		F5C598ED1CDDE674000C3F58 /* DAOServices.swift */ = {isa = PBXFileReference; fileEncoding = 4; lastKnownFileType = sourcecode.swift; path = DAOServices.swift; sourceTree = "<group>"; };
		F5C598EF1CDDE6AD000C3F58 /* DAOBase.swift */ = {isa = PBXFileReference; fileEncoding = 4; lastKnownFileType = sourcecode.swift; path = DAOBase.swift; sourceTree = "<group>"; };
		F5C598F31CDDE78C000C3F58 /* DAOErrorCodes.swift */ = {isa = PBXFileReference; fileEncoding = 4; lastKnownFileType = sourcecode.swift; path = DAOErrorCodes.swift; sourceTree = "<group>"; };
		F5C598F61CDDF80F000C3F58 /* ErrorBean.swift */ = {isa = PBXFileReference; fileEncoding = 4; lastKnownFileType = sourcecode.swift; path = ErrorBean.swift; sourceTree = "<group>"; };
		F5E06FD81CED9BAB00E3D83B /* ClaimEventBean.swift */ = {isa = PBXFileReference; fileEncoding = 4; lastKnownFileType = sourcecode.swift; path = ClaimEventBean.swift; sourceTree = "<group>"; };
/* End PBXFileReference section */

/* Begin PBXFrameworksBuildPhase section */
		F5A2EE731CDC6CD800419419 /* Frameworks */ = {
			isa = PBXFrameworksBuildPhase;
			buildActionMask = 2147483647;
			files = (
			);
			runOnlyForDeploymentPostprocessing = 0;
		};
		F5A2EE871CDC6CD800419419 /* Frameworks */ = {
			isa = PBXFrameworksBuildPhase;
			buildActionMask = 2147483647;
			files = (
			);
			runOnlyForDeploymentPostprocessing = 0;
		};
		F5A2EE921CDC6CD800419419 /* Frameworks */ = {
			isa = PBXFrameworksBuildPhase;
			buildActionMask = 2147483647;
			files = (
			);
			runOnlyForDeploymentPostprocessing = 0;
		};
/* End PBXFrameworksBuildPhase section */

/* Begin PBXGroup section */
		0F1C22FC1CE728AF0052AA17 /* SSRadioButtonController */ = {
			isa = PBXGroup;
			children = (
				0F1C22FD1CE728D20052AA17 /* SSRadioButton.swift */,
				0F1C22FF1CE728E60052AA17 /* SSRadioButtonsController.swift */,
			);
			name = SSRadioButtonController;
			sourceTree = "<group>";
		};
		0F82C94E1D0BE7F400339D1D /* Products */ = {
			isa = PBXGroup;
			children = (
				0F82C9581D0BE7F400339D1D /* ObjectMapper.framework */,
				0F82C95A1D0BE7F400339D1D /* ObjectMapper.framework */,
				0F82C95C1D0BE7F400339D1D /* ObjectMapper.framework */,
				0F82C95E1D0BE7F400339D1D /* ObjectMapper.framework */,
				0F82C9601D0BE7F400339D1D /* ObjectMapper-iOSTests.xctest */,
				0F82C9621D0BE7F400339D1D /* ObjectMapper-MacTests.xctest */,
				0F82C9641D0BE7F400339D1D /* ObjectMapper-tvOSTests.xctest */,
			);
			name = Products;
			sourceTree = "<group>";
		};
		F58BBAD81CE07433000A3D2A /* Controllers */ = {
			isa = PBXGroup;
			children = (
				F5A2EE7B1CDC6CD800419419 /* LoginController.swift */,
				F599843F1CDCC3360055C8D3 /* RegisterController.swift */,
				F58BBAD91CE07444000A3D2A /* HomeController.swift */,
				F5AFC0541CE0B56D00C95687 /* EventDsiplayCell.swift */,
				F58061561CE46941004BF043 /* EventShowController.swift */,
				F58061691CE5E2B9004BF043 /* SearchController.swift */,
				F580616B1CE5E73F004BF043 /* SearchControllerCell.swift */,
				0F500B271CEAFBE0000ED18F /* CreateEventController.swift */,
				0F9E4F1A1CF32891004FC736 /* RightViewController.swift */,
				0F9E4F1C1CF32ACB004FC736 /* SlidingMenuController.swift */,
				0F9E4F1E1CF33A9C004FC736 /* UIViewControllerExtension.swift */,
				0F9E4F231CF47236004FC736 /* NavController.swift */,
				0F14C3891CFF0DAB002C6912 /* EventShowControllerCells.swift */,
				0FE947CD1D05C803009402D6 /* MessageController.swift */,
				0FFEC95C1D0EB1A400E4A1E0 /* UserProfileController.swift */,
			);
			name = Controllers;
			sourceTree = "<group>";
		};
		F599843A1CDC9CE50055C8D3 /* DelphosGlobals */ = {
			isa = PBXGroup;
			children = (
				F599843B1CDC9D400055C8D3 /* DelphosStrings.swift */,
				0F9E4F181CF31D4A004FC736 /* DelphosEnums.swift */,
				84BA187D1D03552A009DC8C9 /* DelphosGlobals.swift */,
			);
			name = DelphosGlobals;
			sourceTree = "<group>";
		};
		F59984411CDCCD900055C8D3 /* Business */ = {
			isa = PBXGroup;
			children = (
				F59984421CDCCDC40055C8D3 /* FacadeDelphos.swift */,
				F59984441CDCCDDF0055C8D3 /* DelegateController.swift */,
				84799FCA1D09527C00C614C2 /* BaseDelegate.swift */,
				84799FCC1D09528E00C614C2 /* EventDelegate.swift */,
				84799FCE1D09529B00C614C2 /* UserDelegate.swift */,
				84799FD01D09952D00C614C2 /* ClaimsDelegate.swift */,
				84799FD21D09961500C614C2 /* SearchDelegate.swift */,
			);
			name = Business;
			sourceTree = "<group>";
		};
		F5A2EE6D1CDC6CD800419419 = {
			isa = PBXGroup;
			children = (
				0F82C94D1D0BE7F400339D1D /* ObjectMapper.xcodeproj */,
				0F1C22FC1CE728AF0052AA17 /* SSRadioButtonController */,
				F5A2EE781CDC6CD800419419 /* Delphos */,
				F5A2EE8D1CDC6CD800419419 /* DelphosTests */,
				F5A2EE981CDC6CD800419419 /* DelphosUITests */,
				F5A2EE771CDC6CD800419419 /* Products */,
			);
			sourceTree = "<group>";
		};
		F5A2EE771CDC6CD800419419 /* Products */ = {
			isa = PBXGroup;
			children = (
				F5A2EE761CDC6CD800419419 /* Delphos.app */,
				F5A2EE8A1CDC6CD800419419 /* DelphosTests.xctest */,
				F5A2EE951CDC6CD800419419 /* DelphosUITests.xctest */,
			);
			name = Products;
			sourceTree = "<group>";
		};
		F5A2EE781CDC6CD800419419 /* Delphos */ = {
			isa = PBXGroup;
			children = (
				0F9E4F211CF456C6004FC736 /* Main.storyboard */,
				F5C598EC1CDDE655000C3F58 /* Data */,
				F58BBAD81CE07433000A3D2A /* Controllers */,
				F5C598F51CDDF800000C3F58 /* Beans */,
				F5C598E31CDDBF87000C3F58 /* DelphosAction */,
				F59984411CDCCD900055C8D3 /* Business */,
				F599843A1CDC9CE50055C8D3 /* DelphosGlobals */,
				F5A2EE791CDC6CD800419419 /* AppDelegate.swift */,
				F5A2EE801CDC6CD800419419 /* Assets.xcassets */,
				F5A2EE821CDC6CD800419419 /* LaunchScreen.storyboard */,
				F5A2EE851CDC6CD800419419 /* Info.plist */,
			);
			path = Delphos;
			sourceTree = "<group>";
		};
		F5A2EE8D1CDC6CD800419419 /* DelphosTests */ = {
			isa = PBXGroup;
			children = (
				F5A2EE8E1CDC6CD800419419 /* DelphosTests.swift */,
				F5A2EE901CDC6CD800419419 /* Info.plist */,
			);
			path = DelphosTests;
			sourceTree = "<group>";
		};
		F5A2EE981CDC6CD800419419 /* DelphosUITests */ = {
			isa = PBXGroup;
			children = (
				F5A2EE991CDC6CD800419419 /* DelphosUITests.swift */,
				F5A2EE9B1CDC6CD800419419 /* Info.plist */,
			);
			path = DelphosUITests;
			sourceTree = "<group>";
		};
		F5C598E31CDDBF87000C3F58 /* DelphosAction */ = {
			isa = PBXGroup;
			children = (
				F5C598EA1CDDBFB2000C3F58 /* DelphosAction.swift */,
			);
			name = DelphosAction;
			sourceTree = "<group>";
		};
		F5C598EC1CDDE655000C3F58 /* Data */ = {
			isa = PBXGroup;
			children = (
				F599843D1CDC9F120055C8D3 /* SchoolBusiness.swift */,
				F5C598ED1CDDE674000C3F58 /* DAOServices.swift */,
				F5C598EF1CDDE6AD000C3F58 /* DAOBase.swift */,
				F5C598F31CDDE78C000C3F58 /* DAOErrorCodes.swift */,
			);
			name = Data;
			sourceTree = "<group>";
		};
		F5C598F51CDDF800000C3F58 /* Beans */ = {
			isa = PBXGroup;
			children = (
				F58061721CE5F93C004BF043 /* userListBean.swift */,
				F5C598F61CDDF80F000C3F58 /* ErrorBean.swift */,
				F58BBACC1CE05B24000A3D2A /* LoginBean.swift */,
				F58BBAD41CE05B64000A3D2A /* CredentialsBean.swift */,
				F58BBAD61CE06280000A3D2A /* UserBean.swift */,
				F5AFC04A1CE0A1A700C95687 /* EventDisplayBean.swift */,
				F578B5751CE1F2EC0063246A /* RegisterBean.swift */,
				F580614E1CE4668E004BF043 /* ShowEventBean.swift */,
				F58061741CE5F9CF004BF043 /* usersBean.swift */,
				0F500B2F1CEB4ED1000ED18F /* CreateEventBean.swift */,
				0FB1DF601CEC3C900094EC79 /* EventBean.swift */,
				0FB1DF631CEC5E050094EC79 /* CreateBean.swift */,
				F58F698C1CEAF2DB00C4ED91 /* searchUserListBean.swift */,
				F58F69941CEAF41C00C4ED91 /* BadgesBean.swift */,
				F57260401CEC2F18007078C3 /* ClaimBean.swift */,
				F5E06FD81CED9BAB00E3D83B /* ClaimEventBean.swift */,
				0FD8A7BE1CEF00F200A43790 /* CreateEventResultBean.swift */,
				0FD8A7C61CEF013C00A43790 /* CreateEventResultEvent.swift */,
				0F271E0A1CF48F2A0053F39B /* CancelEventBean.swift */,
				0FB713D01CF97A5400C0C77F /* SearchEventBean.swift */,
				0F8B11FD1D0001330030CE82 /* ClaimListBean.swift */,
				0F8B12051D00061B0030CE82 /* ClaimListClaimBean.swift */,
				0FC3A6751D07FC33009420DF /* SendMessageBean.swift */,
				0F34E1261D08110000CE660B /* SendMessageResBean.swift */,
			);
			name = Beans;
			sourceTree = "<group>";
		};
/* End PBXGroup section */

/* Begin PBXNativeTarget section */
		F5A2EE751CDC6CD800419419 /* Delphos */ = {
			isa = PBXNativeTarget;
			buildConfigurationList = F5A2EE9E1CDC6CD800419419 /* Build configuration list for PBXNativeTarget "Delphos" */;
			buildPhases = (
				F5A2EE721CDC6CD800419419 /* Sources */,
				F5A2EE731CDC6CD800419419 /* Frameworks */,
				F5A2EE741CDC6CD800419419 /* Resources */,
				F59984641CDCE44F0055C8D3 /* Copy Frameworks */,
				0F82C9691D0BEA0D00339D1D /* CopyFiles */,
			);
			buildRules = (
			);
			dependencies = (
				0F82C9681D0BE9F600339D1D /* PBXTargetDependency */,
			);
			name = Delphos;
			productName = Delphos;
			productReference = F5A2EE761CDC6CD800419419 /* Delphos.app */;
			productType = "com.apple.product-type.application";
		};
		F5A2EE891CDC6CD800419419 /* DelphosTests */ = {
			isa = PBXNativeTarget;
			buildConfigurationList = F5A2EEA11CDC6CD800419419 /* Build configuration list for PBXNativeTarget "DelphosTests" */;
			buildPhases = (
				F5A2EE861CDC6CD800419419 /* Sources */,
				F5A2EE871CDC6CD800419419 /* Frameworks */,
				F5A2EE881CDC6CD800419419 /* Resources */,
			);
			buildRules = (
			);
			dependencies = (
				F5A2EE8C1CDC6CD800419419 /* PBXTargetDependency */,
			);
			name = DelphosTests;
			productName = DelphosTests;
			productReference = F5A2EE8A1CDC6CD800419419 /* DelphosTests.xctest */;
			productType = "com.apple.product-type.bundle.unit-test";
		};
		F5A2EE941CDC6CD800419419 /* DelphosUITests */ = {
			isa = PBXNativeTarget;
			buildConfigurationList = F5A2EEA41CDC6CD800419419 /* Build configuration list for PBXNativeTarget "DelphosUITests" */;
			buildPhases = (
				F5A2EE911CDC6CD800419419 /* Sources */,
				F5A2EE921CDC6CD800419419 /* Frameworks */,
				F5A2EE931CDC6CD800419419 /* Resources */,
			);
			buildRules = (
			);
			dependencies = (
				F5A2EE971CDC6CD800419419 /* PBXTargetDependency */,
			);
			name = DelphosUITests;
			productName = DelphosUITests;
			productReference = F5A2EE951CDC6CD800419419 /* DelphosUITests.xctest */;
			productType = "com.apple.product-type.bundle.ui-testing";
		};
/* End PBXNativeTarget section */

/* Begin PBXProject section */
		F5A2EE6E1CDC6CD800419419 /* Project object */ = {
			isa = PBXProject;
			attributes = {
				LastSwiftUpdateCheck = 0730;
				LastUpgradeCheck = 0730;
				ORGANIZATIONNAME = Ontoborn;
				TargetAttributes = {
					F5A2EE751CDC6CD800419419 = {
						CreatedOnToolsVersion = 7.3.1;
						DevelopmentTeam = 569PEYY6NW;
					};
					F5A2EE891CDC6CD800419419 = {
						CreatedOnToolsVersion = 7.3.1;
						TestTargetID = F5A2EE751CDC6CD800419419;
					};
					F5A2EE941CDC6CD800419419 = {
						CreatedOnToolsVersion = 7.3.1;
						TestTargetID = F5A2EE751CDC6CD800419419;
					};
				};
			};
			buildConfigurationList = F5A2EE711CDC6CD800419419 /* Build configuration list for PBXProject "Delphos" */;
			compatibilityVersion = "Xcode 3.2";
			developmentRegion = English;
			hasScannedForEncodings = 0;
			knownRegions = (
				en,
				Base,
			);
			mainGroup = F5A2EE6D1CDC6CD800419419;
			productRefGroup = F5A2EE771CDC6CD800419419 /* Products */;
			projectDirPath = "";
			projectReferences = (
				{
					ProductGroup = 0F82C94E1D0BE7F400339D1D /* Products */;
					ProjectRef = 0F82C94D1D0BE7F400339D1D /* ObjectMapper.xcodeproj */;
				},
			);
			projectRoot = "";
			targets = (
				F5A2EE751CDC6CD800419419 /* Delphos */,
				F5A2EE891CDC6CD800419419 /* DelphosTests */,
				F5A2EE941CDC6CD800419419 /* DelphosUITests */,
			);
		};
/* End PBXProject section */

/* Begin PBXReferenceProxy section */
		0F82C9581D0BE7F400339D1D /* ObjectMapper.framework */ = {
			isa = PBXReferenceProxy;
			fileType = wrapper.framework;
			path = ObjectMapper.framework;
			remoteRef = 0F82C9571D0BE7F400339D1D /* PBXContainerItemProxy */;
			sourceTree = BUILT_PRODUCTS_DIR;
		};
		0F82C95A1D0BE7F400339D1D /* ObjectMapper.framework */ = {
			isa = PBXReferenceProxy;
			fileType = wrapper.framework;
			path = ObjectMapper.framework;
			remoteRef = 0F82C9591D0BE7F400339D1D /* PBXContainerItemProxy */;
			sourceTree = BUILT_PRODUCTS_DIR;
		};
		0F82C95C1D0BE7F400339D1D /* ObjectMapper.framework */ = {
			isa = PBXReferenceProxy;
			fileType = wrapper.framework;
			path = ObjectMapper.framework;
			remoteRef = 0F82C95B1D0BE7F400339D1D /* PBXContainerItemProxy */;
			sourceTree = BUILT_PRODUCTS_DIR;
		};
		0F82C95E1D0BE7F400339D1D /* ObjectMapper.framework */ = {
			isa = PBXReferenceProxy;
			fileType = wrapper.framework;
			path = ObjectMapper.framework;
			remoteRef = 0F82C95D1D0BE7F400339D1D /* PBXContainerItemProxy */;
			sourceTree = BUILT_PRODUCTS_DIR;
		};
		0F82C9601D0BE7F400339D1D /* ObjectMapper-iOSTests.xctest */ = {
			isa = PBXReferenceProxy;
			fileType = wrapper.cfbundle;
			path = "ObjectMapper-iOSTests.xctest";
			remoteRef = 0F82C95F1D0BE7F400339D1D /* PBXContainerItemProxy */;
			sourceTree = BUILT_PRODUCTS_DIR;
		};
		0F82C9621D0BE7F400339D1D /* ObjectMapper-MacTests.xctest */ = {
			isa = PBXReferenceProxy;
			fileType = wrapper.cfbundle;
			path = "ObjectMapper-MacTests.xctest";
			remoteRef = 0F82C9611D0BE7F400339D1D /* PBXContainerItemProxy */;
			sourceTree = BUILT_PRODUCTS_DIR;
		};
		0F82C9641D0BE7F400339D1D /* ObjectMapper-tvOSTests.xctest */ = {
			isa = PBXReferenceProxy;
			fileType = wrapper.cfbundle;
			path = "ObjectMapper-tvOSTests.xctest";
			remoteRef = 0F82C9631D0BE7F400339D1D /* PBXContainerItemProxy */;
			sourceTree = BUILT_PRODUCTS_DIR;
		};
/* End PBXReferenceProxy section */

/* Begin PBXResourcesBuildPhase section */
		F5A2EE741CDC6CD800419419 /* Resources */ = {
			isa = PBXResourcesBuildPhase;
			buildActionMask = 2147483647;
			files = (
				0F9E4F221CF456C6004FC736 /* Main.storyboard in Resources */,
				F5A2EE841CDC6CD800419419 /* LaunchScreen.storyboard in Resources */,
				F5A2EE811CDC6CD800419419 /* Assets.xcassets in Resources */,
			);
			runOnlyForDeploymentPostprocessing = 0;
		};
		F5A2EE881CDC6CD800419419 /* Resources */ = {
			isa = PBXResourcesBuildPhase;
			buildActionMask = 2147483647;
			files = (
			);
			runOnlyForDeploymentPostprocessing = 0;
		};
		F5A2EE931CDC6CD800419419 /* Resources */ = {
			isa = PBXResourcesBuildPhase;
			buildActionMask = 2147483647;
			files = (
			);
			runOnlyForDeploymentPostprocessing = 0;
		};
/* End PBXResourcesBuildPhase section */

/* Begin PBXSourcesBuildPhase section */
		F5A2EE721CDC6CD800419419 /* Sources */ = {
			isa = PBXSourcesBuildPhase;
			buildActionMask = 2147483647;
			files = (
				0F9E4F241CF47236004FC736 /* NavController.swift in Sources */,
				0F1C23001CE728E60052AA17 /* SSRadioButtonsController.swift in Sources */,
				0FE947CE1D05C803009402D6 /* MessageController.swift in Sources */,
				84799FCD1D09528E00C614C2 /* EventDelegate.swift in Sources */,
				0F1C22FE1CE728D20052AA17 /* SSRadioButton.swift in Sources */,
				0F8B11FE1D0001330030CE82 /* ClaimListBean.swift in Sources */,
				F58F69951CEAF41C00C4ED91 /* BadgesBean.swift in Sources */,
				0F34E1271D08110000CE660B /* SendMessageResBean.swift in Sources */,
				F59984401CDCC3360055C8D3 /* RegisterController.swift in Sources */,
				0F500B301CEB4ED1000ED18F /* CreateEventBean.swift in Sources */,
				F5A2EE7C1CDC6CD800419419 /* LoginController.swift in Sources */,
				F58061571CE46941004BF043 /* EventShowController.swift in Sources */,
				0FB1DF611CEC3C900094EC79 /* EventBean.swift in Sources */,
				84799FCF1D09529B00C614C2 /* UserDelegate.swift in Sources */,
				F57260411CEC2F18007078C3 /* ClaimBean.swift in Sources */,
				0F9E4F191CF31D4A004FC736 /* DelphosEnums.swift in Sources */,
				F599843C1CDC9D400055C8D3 /* DelphosStrings.swift in Sources */,
				F5AFC04B1CE0A1A700C95687 /* EventDisplayBean.swift in Sources */,
				F5C598F01CDDE6AD000C3F58 /* DAOBase.swift in Sources */,
				0FD8A7C71CEF013C00A43790 /* CreateEventResultEvent.swift in Sources */,
				F5AFC0551CE0B56D00C95687 /* EventDsiplayCell.swift in Sources */,
				0F8B12061D00061B0030CE82 /* ClaimListClaimBean.swift in Sources */,
				84799FCB1D09527C00C614C2 /* BaseDelegate.swift in Sources */,
				0FD8A7BF1CEF00F200A43790 /* CreateEventResultBean.swift in Sources */,
				F580616C1CE5E73F004BF043 /* SearchControllerCell.swift in Sources */,
				0F9E4F1B1CF32891004FC736 /* RightViewController.swift in Sources */,
				0F500B281CEAFBE0000ED18F /* CreateEventController.swift in Sources */,
				F58BBAD51CE05B64000A3D2A /* CredentialsBean.swift in Sources */,
				0F14C38A1CFF0DAB002C6912 /* EventShowControllerCells.swift in Sources */,
				0FFEC95D1D0EB1A400E4A1E0 /* UserProfileController.swift in Sources */,
				F58061751CE5F9CF004BF043 /* usersBean.swift in Sources */,
				84BA187E1D03552A009DC8C9 /* DelphosGlobals.swift in Sources */,
				0F271E0B1CF48F2A0053F39B /* CancelEventBean.swift in Sources */,
				0F9E4F1D1CF32ACB004FC736 /* SlidingMenuController.swift in Sources */,
				F5E06FD91CED9BAB00E3D83B /* ClaimEventBean.swift in Sources */,
				F580614F1CE4668E004BF043 /* ShowEventBean.swift in Sources */,
				F5C598EB1CDDBFB2000C3F58 /* DelphosAction.swift in Sources */,
				0F9E4F1F1CF33A9C004FC736 /* UIViewControllerExtension.swift in Sources */,
				F5C598F71CDDF80F000C3F58 /* ErrorBean.swift in Sources */,
				F58F698D1CEAF2DB00C4ED91 /* searchUserListBean.swift in Sources */,
				F5A2EE7A1CDC6CD800419419 /* AppDelegate.swift in Sources */,
				F578B5761CE1F2EC0063246A /* RegisterBean.swift in Sources */,
				84799FD11D09952D00C614C2 /* ClaimsDelegate.swift in Sources */,
				0FB1DF641CEC5E050094EC79 /* CreateBean.swift in Sources */,
				0FB713D11CF97A5400C0C77F /* SearchEventBean.swift in Sources */,
				F58061731CE5F93C004BF043 /* userListBean.swift in Sources */,
				F599843E1CDC9F120055C8D3 /* SchoolBusiness.swift in Sources */,
				F58BBADA1CE07444000A3D2A /* HomeController.swift in Sources */,
				84799FD31D09961500C614C2 /* SearchDelegate.swift in Sources */,
				F59984431CDCCDC40055C8D3 /* FacadeDelphos.swift in Sources */,
				F5C598EE1CDDE674000C3F58 /* DAOServices.swift in Sources */,
				F580616A1CE5E2B9004BF043 /* SearchController.swift in Sources */,
				F5C598F41CDDE78C000C3F58 /* DAOErrorCodes.swift in Sources */,
				F59984451CDCCDDF0055C8D3 /* DelegateController.swift in Sources */,
				0FC3A6761D07FC33009420DF /* SendMessageBean.swift in Sources */,
				F58BBAD71CE06280000A3D2A /* UserBean.swift in Sources */,
				F58BBACD1CE05B24000A3D2A /* LoginBean.swift in Sources */,
			);
			runOnlyForDeploymentPostprocessing = 0;
		};
		F5A2EE861CDC6CD800419419 /* Sources */ = {
			isa = PBXSourcesBuildPhase;
			buildActionMask = 2147483647;
			files = (
				F5A2EE8F1CDC6CD800419419 /* DelphosTests.swift in Sources */,
				F5AFC0561CE0BB6300C95687 /* EventDisplayBean.swift in Sources */,
				F5AFC0581CE0BD0E00C95687 /* HomeController.swift in Sources */,
			);
			runOnlyForDeploymentPostprocessing = 0;
		};
		F5A2EE911CDC6CD800419419 /* Sources */ = {
			isa = PBXSourcesBuildPhase;
			buildActionMask = 2147483647;
			files = (
				F5A2EE9A1CDC6CD800419419 /* DelphosUITests.swift in Sources */,
			);
			runOnlyForDeploymentPostprocessing = 0;
		};
/* End PBXSourcesBuildPhase section */

/* Begin PBXTargetDependency section */
		0F82C9681D0BE9F600339D1D /* PBXTargetDependency */ = {
			isa = PBXTargetDependency;
			name = "ObjectMapper-iOS";
			targetProxy = 0F82C9671D0BE9F600339D1D /* PBXContainerItemProxy */;
		};
		F5A2EE8C1CDC6CD800419419 /* PBXTargetDependency */ = {
			isa = PBXTargetDependency;
			target = F5A2EE751CDC6CD800419419 /* Delphos */;
			targetProxy = F5A2EE8B1CDC6CD800419419 /* PBXContainerItemProxy */;
		};
		F5A2EE971CDC6CD800419419 /* PBXTargetDependency */ = {
			isa = PBXTargetDependency;
			target = F5A2EE751CDC6CD800419419 /* Delphos */;
			targetProxy = F5A2EE961CDC6CD800419419 /* PBXContainerItemProxy */;
		};
/* End PBXTargetDependency section */

/* Begin PBXVariantGroup section */
		F5A2EE821CDC6CD800419419 /* LaunchScreen.storyboard */ = {
			isa = PBXVariantGroup;
			children = (
				F5A2EE831CDC6CD800419419 /* Base */,
			);
			name = LaunchScreen.storyboard;
			sourceTree = "<group>";
		};
/* End PBXVariantGroup section */

/* Begin XCBuildConfiguration section */
		F5A2EE9C1CDC6CD800419419 /* Debug */ = {
			isa = XCBuildConfiguration;
			buildSettings = {
				ALWAYS_SEARCH_USER_PATHS = NO;
				CLANG_ANALYZER_NONNULL = YES;
				CLANG_CXX_LANGUAGE_STANDARD = "gnu++0x";
				CLANG_CXX_LIBRARY = "libc++";
				CLANG_ENABLE_MODULES = YES;
				CLANG_ENABLE_OBJC_ARC = YES;
				CLANG_WARN_BOOL_CONVERSION = YES;
				CLANG_WARN_CONSTANT_CONVERSION = YES;
				CLANG_WARN_DIRECT_OBJC_ISA_USAGE = YES_ERROR;
				CLANG_WARN_EMPTY_BODY = YES;
				CLANG_WARN_ENUM_CONVERSION = YES;
				CLANG_WARN_INT_CONVERSION = YES;
				CLANG_WARN_OBJC_ROOT_CLASS = YES_ERROR;
				CLANG_WARN_UNREACHABLE_CODE = YES;
				CLANG_WARN__DUPLICATE_METHOD_MATCH = YES;
				"CODE_SIGN_IDENTITY[sdk=iphoneos*]" = "iPhone Developer";
				COPY_PHASE_STRIP = NO;
				DEBUG_INFORMATION_FORMAT = dwarf;
				ENABLE_STRICT_OBJC_MSGSEND = YES;
				ENABLE_TESTABILITY = YES;
				GCC_C_LANGUAGE_STANDARD = gnu99;
				GCC_DYNAMIC_NO_PIC = NO;
				GCC_NO_COMMON_BLOCKS = YES;
				GCC_OPTIMIZATION_LEVEL = 0;
				GCC_PREPROCESSOR_DEFINITIONS = (
					"DEBUG=1",
					"$(inherited)",
				);
				GCC_WARN_64_TO_32_BIT_CONVERSION = YES;
				GCC_WARN_ABOUT_RETURN_TYPE = YES_ERROR;
				GCC_WARN_UNDECLARED_SELECTOR = YES;
				GCC_WARN_UNINITIALIZED_AUTOS = YES_AGGRESSIVE;
				GCC_WARN_UNUSED_FUNCTION = YES;
				GCC_WARN_UNUSED_VARIABLE = YES;
				IPHONEOS_DEPLOYMENT_TARGET = 9.3;
				MTL_ENABLE_DEBUG_INFO = YES;
				ONLY_ACTIVE_ARCH = YES;
				SDKROOT = iphoneos;
				SWIFT_OPTIMIZATION_LEVEL = "-Onone";
				TARGETED_DEVICE_FAMILY = "1,2";
			};
			name = Debug;
		};
		F5A2EE9D1CDC6CD800419419 /* Release */ = {
			isa = XCBuildConfiguration;
			buildSettings = {
				ALWAYS_SEARCH_USER_PATHS = NO;
				CLANG_ANALYZER_NONNULL = YES;
				CLANG_CXX_LANGUAGE_STANDARD = "gnu++0x";
				CLANG_CXX_LIBRARY = "libc++";
				CLANG_ENABLE_MODULES = YES;
				CLANG_ENABLE_OBJC_ARC = YES;
				CLANG_WARN_BOOL_CONVERSION = YES;
				CLANG_WARN_CONSTANT_CONVERSION = YES;
				CLANG_WARN_DIRECT_OBJC_ISA_USAGE = YES_ERROR;
				CLANG_WARN_EMPTY_BODY = YES;
				CLANG_WARN_ENUM_CONVERSION = YES;
				CLANG_WARN_INT_CONVERSION = YES;
				CLANG_WARN_OBJC_ROOT_CLASS = YES_ERROR;
				CLANG_WARN_UNREACHABLE_CODE = YES;
				CLANG_WARN__DUPLICATE_METHOD_MATCH = YES;
				"CODE_SIGN_IDENTITY[sdk=iphoneos*]" = "iPhone Developer";
				COPY_PHASE_STRIP = NO;
				DEBUG_INFORMATION_FORMAT = "dwarf-with-dsym";
				ENABLE_NS_ASSERTIONS = NO;
				ENABLE_STRICT_OBJC_MSGSEND = YES;
				GCC_C_LANGUAGE_STANDARD = gnu99;
				GCC_NO_COMMON_BLOCKS = YES;
				GCC_WARN_64_TO_32_BIT_CONVERSION = YES;
				GCC_WARN_ABOUT_RETURN_TYPE = YES_ERROR;
				GCC_WARN_UNDECLARED_SELECTOR = YES;
				GCC_WARN_UNINITIALIZED_AUTOS = YES_AGGRESSIVE;
				GCC_WARN_UNUSED_FUNCTION = YES;
				GCC_WARN_UNUSED_VARIABLE = YES;
				IPHONEOS_DEPLOYMENT_TARGET = 9.3;
				MTL_ENABLE_DEBUG_INFO = NO;
				SDKROOT = iphoneos;
				TARGETED_DEVICE_FAMILY = "1,2";
				VALIDATE_PRODUCT = YES;
			};
			name = Release;
		};
		F5A2EE9F1CDC6CD800419419 /* Debug */ = {
			isa = XCBuildConfiguration;
			buildSettings = {
				ASSETCATALOG_COMPILER_APPICON_NAME = AppIcon;
				CLANG_ENABLE_MODULES = YES;
				CODE_SIGN_IDENTITY = "iPhone Developer";
				EMBEDDED_CONTENT_CONTAINS_SWIFT = YES;
				ENABLE_BITCODE = NO;
				INFOPLIST_FILE = Delphos/Info.plist;
				IPHONEOS_DEPLOYMENT_TARGET = 8.0;
				LD_RUNPATH_SEARCH_PATHS = "$(inherited) @executable_path/Frameworks";
				PRODUCT_BUNDLE_IDENTIFIER = Ontoborn.Delphos;
				PRODUCT_NAME = "$(TARGET_NAME)";
				SWIFT_OBJC_BRIDGING_HEADER = "Delphos/Delphos-Bridging-Header.h";
				SWIFT_OPTIMIZATION_LEVEL = "-Onone";
			};
			name = Debug;
		};
		F5A2EEA01CDC6CD800419419 /* Release */ = {
			isa = XCBuildConfiguration;
			buildSettings = {
				ASSETCATALOG_COMPILER_APPICON_NAME = AppIcon;
				CLANG_ENABLE_MODULES = YES;
				CODE_SIGN_IDENTITY = "iPhone Developer";
				EMBEDDED_CONTENT_CONTAINS_SWIFT = YES;
				ENABLE_BITCODE = NO;
				INFOPLIST_FILE = Delphos/Info.plist;
				IPHONEOS_DEPLOYMENT_TARGET = 8.0;
				LD_RUNPATH_SEARCH_PATHS = "$(inherited) @executable_path/Frameworks";
				PRODUCT_BUNDLE_IDENTIFIER = Ontoborn.Delphos;
				PRODUCT_NAME = "$(TARGET_NAME)";
				SWIFT_OBJC_BRIDGING_HEADER = "Delphos/Delphos-Bridging-Header.h";
			};
			name = Release;
		};
		F5A2EEA21CDC6CD800419419 /* Debug */ = {
			isa = XCBuildConfiguration;
			buildSettings = {
				BUNDLE_LOADER = "$(TEST_HOST)";
				INFOPLIST_FILE = DelphosTests/Info.plist;
				LD_RUNPATH_SEARCH_PATHS = "$(inherited) @executable_path/Frameworks @loader_path/Frameworks";
				PRODUCT_BUNDLE_IDENTIFIER = Ontoborn.DelphosTests;
				PRODUCT_NAME = "$(TARGET_NAME)";
				TEST_HOST = "$(BUILT_PRODUCTS_DIR)/Delphos.app/Delphos";
			};
			name = Debug;
		};
		F5A2EEA31CDC6CD800419419 /* Release */ = {
			isa = XCBuildConfiguration;
			buildSettings = {
				BUNDLE_LOADER = "$(TEST_HOST)";
				INFOPLIST_FILE = DelphosTests/Info.plist;
				LD_RUNPATH_SEARCH_PATHS = "$(inherited) @executable_path/Frameworks @loader_path/Frameworks";
				PRODUCT_BUNDLE_IDENTIFIER = Ontoborn.DelphosTests;
				PRODUCT_NAME = "$(TARGET_NAME)";
				TEST_HOST = "$(BUILT_PRODUCTS_DIR)/Delphos.app/Delphos";
			};
			name = Release;
		};
		F5A2EEA51CDC6CD800419419 /* Debug */ = {
			isa = XCBuildConfiguration;
			buildSettings = {
				INFOPLIST_FILE = DelphosUITests/Info.plist;
				LD_RUNPATH_SEARCH_PATHS = "$(inherited) @executable_path/Frameworks @loader_path/Frameworks";
				PRODUCT_BUNDLE_IDENTIFIER = Ontoborn.DelphosUITests;
				PRODUCT_NAME = "$(TARGET_NAME)";
				TEST_TARGET_NAME = Delphos;
			};
			name = Debug;
		};
		F5A2EEA61CDC6CD800419419 /* Release */ = {
			isa = XCBuildConfiguration;
			buildSettings = {
				INFOPLIST_FILE = DelphosUITests/Info.plist;
				LD_RUNPATH_SEARCH_PATHS = "$(inherited) @executable_path/Frameworks @loader_path/Frameworks";
				PRODUCT_BUNDLE_IDENTIFIER = Ontoborn.DelphosUITests;
				PRODUCT_NAME = "$(TARGET_NAME)";
				TEST_TARGET_NAME = Delphos;
			};
			name = Release;
		};
/* End XCBuildConfiguration section */

/* Begin XCConfigurationList section */
		F5A2EE711CDC6CD800419419 /* Build configuration list for PBXProject "Delphos" */ = {
			isa = XCConfigurationList;
			buildConfigurations = (
				F5A2EE9C1CDC6CD800419419 /* Debug */,
				F5A2EE9D1CDC6CD800419419 /* Release */,
			);
			defaultConfigurationIsVisible = 0;
			defaultConfigurationName = Release;
		};
		F5A2EE9E1CDC6CD800419419 /* Build configuration list for PBXNativeTarget "Delphos" */ = {
			isa = XCConfigurationList;
			buildConfigurations = (
				F5A2EE9F1CDC6CD800419419 /* Debug */,
				F5A2EEA01CDC6CD800419419 /* Release */,
			);
			defaultConfigurationIsVisible = 0;
			defaultConfigurationName = Release;
		};
		F5A2EEA11CDC6CD800419419 /* Build configuration list for PBXNativeTarget "DelphosTests" */ = {
			isa = XCConfigurationList;
			buildConfigurations = (
				F5A2EEA21CDC6CD800419419 /* Debug */,
				F5A2EEA31CDC6CD800419419 /* Release */,
			);
			defaultConfigurationIsVisible = 0;
			defaultConfigurationName = Release;
		};
		F5A2EEA41CDC6CD800419419 /* Build configuration list for PBXNativeTarget "DelphosUITests" */ = {
			isa = XCConfigurationList;
			buildConfigurations = (
				F5A2EEA51CDC6CD800419419 /* Debug */,
				F5A2EEA61CDC6CD800419419 /* Release */,
			);
			defaultConfigurationIsVisible = 0;
			defaultConfigurationName = Release;
		};
/* End XCConfigurationList section */
	};
	rootObject = F5A2EE6E1CDC6CD800419419 /* Project object */;
}
